
Microsoft Visual Studio Solution File, Format Version 12.00
# Visual Studio Version 16
VisualStudioVersion = 16.0.30517.126
MinimumVisualStudioVersion = 10.0.40219.1
Project("{FAE04EC0-301F-11D3-BF4B-00C04F79EFBC}") = "GroundStation", "GroundStation\GroundStation.csproj", "{88E2A23B-A975-4404-BB95-A9E04BA1CCBB}"
EndProject
Global
	GlobalSection(SolutionConfigurationPlatforms) = preSolution
		Debug|Any CPU = Debug|Any CPU
		Release|Any CPU = Release|Any CPU
	EndGlobalSection
	GlobalSection(ProjectConfigurationPlatforms) = postSolution
		{88E2A23B-A975-4404-BB95-A9E04BA1CCBB}.Debug|Any CPU.ActiveCfg = Debug|Any CPU
		{88E2A23B-A975-4404-BB95-A9E04BA1CCBB}.Debug|Any CPU.Build.0 = Debug|Any CPU
		{88E2A23B-A975-4404-BB95-A9E04BA1CCBB}.Release|Any CPU.ActiveCfg = Release|Any CPU
		{88E2A23B-A975-4404-BB95-A9E04BA1CCBB}.Release|Any CPU.Build.0 = Release|Any CPU
	EndGlobalSection
	GlobalSection(SolutionProperties) = preSolution
		HideSolutionNode = FALSE
	EndGlobalSection
	GlobalSection(ExtensibilityGlobals) = postSolution
		SolutionGuid = {3D212228-E732-403F-BE06-AA60CDECCBC5}
	EndGlobalSection
EndGlobal
